
Microsoft Visual Studio Solution File, Format Version 12.00
# Visual Studio 2015
Project("{FAE04EC0-301F-11D3-BF4B-00C04F79EFBC}") = "EchoingDarkness.Plugins", "EchoingDarkness.Plugins.csproj", "{1ED4DBE9-B368-51BF-5A01-E2975FCB8DF0}"
EndProject
Project("{FAE04EC0-301F-11D3-BF4B-00C04F79EFBC}") = "EchoingDarkness", "EchoingDarkness.csproj", "{8D8C453A-E801-10F2-5BEF-5743C34C59D5}"
EndProject
Project("{FAE04EC0-301F-11D3-BF4B-00C04F79EFBC}") = "EchoingDarkness.Editor.Plugins", "EchoingDarkness.Editor.Plugins.csproj", "{7329B47B-CCDC-1B7F-7138-68621733D0EE}"
EndProject
Global
	GlobalSection(SolutionConfigurationPlatforms) = preSolution
		Debug|Any CPU = Debug|Any CPU
		Release|Any CPU = Release|Any CPU
	EndGlobalSection
	GlobalSection(ProjectConfigurationPlatforms) = postSolution
		{1ED4DBE9-B368-51BF-5A01-E2975FCB8DF0}.Debug|Any CPU.ActiveCfg = Debug|Any CPU
		{1ED4DBE9-B368-51BF-5A01-E2975FCB8DF0}.Debug|Any CPU.Build.0 = Debug|Any CPU
		{1ED4DBE9-B368-51BF-5A01-E2975FCB8DF0}.Release|Any CPU.ActiveCfg = Release|Any CPU
		{1ED4DBE9-B368-51BF-5A01-E2975FCB8DF0}.Release|Any CPU.Build.0 = Release|Any CPU
		{8D8C453A-E801-10F2-5BEF-5743C34C59D5}.Debug|Any CPU.ActiveCfg = Debug|Any CPU
		{8D8C453A-E801-10F2-5BEF-5743C34C59D5}.Debug|Any CPU.Build.0 = Debug|Any CPU
		{8D8C453A-E801-10F2-5BEF-5743C34C59D5}.Release|Any CPU.ActiveCfg = Release|Any CPU
		{8D8C453A-E801-10F2-5BEF-5743C34C59D5}.Release|Any CPU.Build.0 = Release|Any CPU
		{7329B47B-CCDC-1B7F-7138-68621733D0EE}.Debug|Any CPU.ActiveCfg = Debug|Any CPU
		{7329B47B-CCDC-1B7F-7138-68621733D0EE}.Debug|Any CPU.Build.0 = Debug|Any CPU
		{7329B47B-CCDC-1B7F-7138-68621733D0EE}.Release|Any CPU.ActiveCfg = Release|Any CPU
		{7329B47B-CCDC-1B7F-7138-68621733D0EE}.Release|Any CPU.Build.0 = Release|Any CPU
	EndGlobalSection
	GlobalSection(SolutionProperties) = preSolution
		HideSolutionNode = FALSE
	EndGlobalSection
EndGlobal
